# THIS IS AN AUTOGENERATED FILE. DO NOT EDIT THIS FILE DIRECTLY.
# yarn lockfile v1


google-protobuf@^3.6.1:
  version "3.11.4"
  resolved "https://registry.yarnpkg.com/google-protobuf/-/google-protobuf-3.11.4.tgz#598ca405a3cfa917a2132994d008b5932ef42014"
  integrity sha512-lL6b04rDirurUBOgsY2+LalI6Evq8eH5TcNzi7TYQ3BsIWelT0KSOQSBsXuavEkNf+odQU6c0lgz3UsZXeNX9Q==

grpc-web@^1.0.0:
  version "1.0.7"
  resolved "https://registry.yarnpkg.com/grpc-web/-/grpc-web-1.0.7.tgz#9e4fbcf63d3734515332ab59e42baa7d0d290015"
  integrity sha512-Fkbz1nyvvt6GC6ODcxh9Fen6LLB3OTCgGHzHwM2Eni44SUhzqPz1UQgFp9sfBEfInOhx3yBdwo9ZLjZAmJ+TtA==
